
Microsoft Visual Studio Solution File, Format Version 12.00
# Visual Studio Version 17
VisualStudioVersion = 17.3.32929.385
MinimumVisualStudioVersion = 10.0.40219.1
Project("{FAE04EC0-301F-11D3-BF4B-00C04F79EFBC}") = "Hundtricket", "Hundtricket\Hundtricket.csproj", "{A8ACF536-C354-4AC1-AECD-8379110C0CF5}"
EndProject
Global
	GlobalSection(SolutionConfigurationPlatforms) = preSolution
		Debug|Any CPU = Debug|Any CPU
		Release|Any CPU = Release|Any CPU
	EndGlobalSection
	GlobalSection(ProjectConfigurationPlatforms) = postSolution
		{A8ACF536-C354-4AC1-AECD-8379110C0CF5}.Debug|Any CPU.ActiveCfg = Debug|Any CPU
		{A8ACF536-C354-4AC1-AECD-8379110C0CF5}.Debug|Any CPU.Build.0 = Debug|Any CPU
		{A8ACF536-C354-4AC1-AECD-8379110C0CF5}.Release|Any CPU.ActiveCfg = Release|Any CPU
		{A8ACF536-C354-4AC1-AECD-8379110C0CF5}.Release|Any CPU.Build.0 = Release|Any CPU
	EndGlobalSection
	GlobalSection(SolutionProperties) = preSolution
		HideSolutionNode = FALSE
	EndGlobalSection
	GlobalSection(ExtensibilityGlobals) = postSolution
		SolutionGuid = {8DDDA7A8-7005-4369-B17B-ACC159431CB6}
	EndGlobalSection
EndGlobal
